
Microsoft Visual Studio Solution File, Format Version 12.00
# Visual Studio Version 17
VisualStudioVersion = 17.9.34607.119
MinimumVisualStudioVersion = 10.0.40219.1
Project("{FAE04EC0-301F-11D3-BF4B-00C04F79EFBC}") = "To-Do List", "To-Do List\To-Do List.csproj", "{CE0AB92C-37D1-4917-B478-7AF492B19D7E}"
EndProject
Global
	GlobalSection(SolutionConfigurationPlatforms) = preSolution
		Debug|Any CPU = Debug|Any CPU
		Release|Any CPU = Release|Any CPU
	EndGlobalSection
	GlobalSection(ProjectConfigurationPlatforms) = postSolution
		{CE0AB92C-37D1-4917-B478-7AF492B19D7E}.Debug|Any CPU.ActiveCfg = Debug|Any CPU
		{CE0AB92C-37D1-4917-B478-7AF492B19D7E}.Debug|Any CPU.Build.0 = Debug|Any CPU
		{CE0AB92C-37D1-4917-B478-7AF492B19D7E}.Release|Any CPU.ActiveCfg = Release|Any CPU
		{CE0AB92C-37D1-4917-B478-7AF492B19D7E}.Release|Any CPU.Build.0 = Release|Any CPU
	EndGlobalSection
	GlobalSection(SolutionProperties) = preSolution
		HideSolutionNode = FALSE
	EndGlobalSection
	GlobalSection(ExtensibilityGlobals) = postSolution
		SolutionGuid = {95AF04E7-2CEC-4FFC-9BD1-4B84829514C3}
	EndGlobalSection
EndGlobal
